// !$*UTF8*$!
{
	archiveVersion = 1;
	classes = {
	};
	objectVersion = 50;
	objects = {

/* Begin PBXBuildFile section */
		D6A77FE6237D88CA0015BEEA /* AppDelegate.swift in Sources */ = {isa = PBXBuildFile; fileRef = D6A77FE5237D88CA0015BEEA /* AppDelegate.swift */; };
		D6A77FE8237D88CA0015BEEA /* SceneDelegate.swift in Sources */ = {isa = PBXBuildFile; fileRef = D6A77FE7237D88CA0015BEEA /* SceneDelegate.swift */; };
		D6A77FEA237D88CA0015BEEA /* ContentView.swift in Sources */ = {isa = PBXBuildFile; fileRef = D6A77FE9237D88CA0015BEEA /* ContentView.swift */; };
		D6A77FEC237D88D00015BEEA /* Assets.xcassets in Resources */ = {isa = PBXBuildFile; fileRef = D6A77FEB237D88D00015BEEA /* Assets.xcassets */; };
		D6A77FEF237D88D00015BEEA /* Preview Assets.xcassets in Resources */ = {isa = PBXBuildFile; fileRef = D6A77FEE237D88D00015BEEA /* Preview Assets.xcassets */; };
		D6A77FF2237D88D00015BEEA /* LaunchScreen.storyboard in Resources */ = {isa = PBXBuildFile; fileRef = D6A77FF0237D88D00015BEEA /* LaunchScreen.storyboard */; };
		D6A77FFD237D88D00015BEEA /* TrySwiftUITests.swift in Sources */ = {isa = PBXBuildFile; fileRef = D6A77FFC237D88D00015BEEA /* TrySwiftUITests.swift */; };
		D6A78008237D88D00015BEEA /* TrySwiftUIUITests.swift in Sources */ = {isa = PBXBuildFile; fileRef = D6A78007237D88D00015BEEA /* TrySwiftUIUITests.swift */; };
		D6A7801623817FF70015BEEA /* CircleImage.swift in Sources */ = {isa = PBXBuildFile; fileRef = D6A7801523817FF70015BEEA /* CircleImage.swift */; };
		D6A78018238182E10015BEEA /* MapView.swift in Sources */ = {isa = PBXBuildFile; fileRef = D6A78017238182E10015BEEA /* MapView.swift */; };
/* End PBXBuildFile section */

/* Begin PBXContainerItemProxy section */
		D6A77FF9237D88D00015BEEA /* PBXContainerItemProxy */ = {
			isa = PBXContainerItemProxy;
			containerPortal = D6A77FDA237D88CA0015BEEA /* Project object */;
			proxyType = 1;
			remoteGlobalIDString = D6A77FE1237D88CA0015BEEA;
			remoteInfo = TrySwiftUI;
		};
		D6A78004237D88D00015BEEA /* PBXContainerItemProxy */ = {
			isa = PBXContainerItemProxy;
			containerPortal = D6A77FDA237D88CA0015BEEA /* Project object */;
			proxyType = 1;
			remoteGlobalIDString = D6A77FE1237D88CA0015BEEA;
			remoteInfo = TrySwiftUI;
		};
/* End PBXContainerItemProxy section */

/* Begin PBXFileReference section */
		D6A77FE2237D88CA0015BEEA /* TrySwiftUI.app */ = {isa = PBXFileReference; explicitFileType = wrapper.application; includeInIndex = 0; path = TrySwiftUI.app; sourceTree = BUILT_PRODUCTS_DIR; };
		D6A77FE5237D88CA0015BEEA /* AppDelegate.swift */ = {isa = PBXFileReference; lastKnownFileType = sourcecode.swift; path = AppDelegate.swift; sourceTree = "<group>"; };
		D6A77FE7237D88CA0015BEEA /* SceneDelegate.swift */ = {isa = PBXFileReference; lastKnownFileType = sourcecode.swift; path = SceneDelegate.swift; sourceTree = "<group>"; };
		D6A77FE9237D88CA0015BEEA /* ContentView.swift */ = {isa = PBXFileReference; lastKnownFileType = sourcecode.swift; path = ContentView.swift; sourceTree = "<group>"; };
		D6A77FEB237D88D00015BEEA /* Assets.xcassets */ = {isa = PBXFileReference; lastKnownFileType = folder.assetcatalog; path = Assets.xcassets; sourceTree = "<group>"; };
		D6A77FEE237D88D00015BEEA /* Preview Assets.xcassets */ = {isa = PBXFileReference; lastKnownFileType = folder.assetcatalog; path = "Preview Assets.xcassets"; sourceTree = "<group>"; };
		D6A77FF1237D88D00015BEEA /* Base */ = {isa = PBXFileReference; lastKnownFileType = file.storyboard; name = Base; path = Base.lproj/LaunchScreen.storyboard; sourceTree = "<group>"; };
		D6A77FF3237D88D00015BEEA /* Info.plist */ = {isa = PBXFileReference; lastKnownFileType = text.plist.xml; path = Info.plist; sourceTree = "<group>"; };
		D6A77FF8237D88D00015BEEA /* TrySwiftUITests.xctest */ = {isa = PBXFileReference; explicitFileType = wrapper.cfbundle; includeInIndex = 0; path = TrySwiftUITests.xctest; sourceTree = BUILT_PRODUCTS_DIR; };
		D6A77FFC237D88D00015BEEA /* TrySwiftUITests.swift */ = {isa = PBXFileReference; lastKnownFileType = sourcecode.swift; path = TrySwiftUITests.swift; sourceTree = "<group>"; };
		D6A77FFE237D88D00015BEEA /* Info.plist */ = {isa = PBXFileReference; lastKnownFileType = text.plist.xml; path = Info.plist; sourceTree = "<group>"; };
		D6A78003237D88D00015BEEA /* TrySwiftUIUITests.xctest */ = {isa = PBXFileReference; explicitFileType = wrapper.cfbundle; includeInIndex = 0; path = TrySwiftUIUITests.xctest; sourceTree = BUILT_PRODUCTS_DIR; };
		D6A78007237D88D00015BEEA /* TrySwiftUIUITests.swift */ = {isa = PBXFileReference; lastKnownFileType = sourcecode.swift; path = TrySwiftUIUITests.swift; sourceTree = "<group>"; };
		D6A78009237D88D00015BEEA /* Info.plist */ = {isa = PBXFileReference; lastKnownFileType = text.plist.xml; path = Info.plist; sourceTree = "<group>"; };
		D6A7801523817FF70015BEEA /* CircleImage.swift */ = {isa = PBXFileReference; lastKnownFileType = sourcecode.swift; path = CircleImage.swift; sourceTree = "<group>"; };
		D6A78017238182E10015BEEA /* MapView.swift */ = {isa = PBXFileReference; lastKnownFileType = sourcecode.swift; path = MapView.swift; sourceTree = "<group>"; };
/* End PBXFileReference section */

/* Begin PBXFrameworksBuildPhase section */
		D6A77FDF237D88CA0015BEEA /* Frameworks */ = {
			isa = PBXFrameworksBuildPhase;
			buildActionMask = 2147483647;
			files = (
			);
			runOnlyForDeploymentPostprocessing = 0;
		};
		D6A77FF5237D88D00015BEEA /* Frameworks */ = {
			isa = PBXFrameworksBuildPhase;
			buildActionMask = 2147483647;
			files = (
			);
			runOnlyForDeploymentPostprocessing = 0;
		};
		D6A78000237D88D00015BEEA /* Frameworks */ = {
			isa = PBXFrameworksBuildPhase;
			buildActionMask = 2147483647;
			files = (
			);
			runOnlyForDeploymentPostprocessing = 0;
		};
/* End PBXFrameworksBuildPhase section */

/* Begin PBXGroup section */
		D6A77FD9237D88CA0015BEEA = {
			isa = PBXGroup;
			children = (
				D6A77FE4237D88CA0015BEEA /* TrySwiftUI */,
				D6A77FFB237D88D00015BEEA /* TrySwiftUITests */,
				D6A78006237D88D00015BEEA /* TrySwiftUIUITests */,
				D6A77FE3237D88CA0015BEEA /* Products */,
			);
			sourceTree = "<group>";
		};
		D6A77FE3237D88CA0015BEEA /* Products */ = {
			isa = PBXGroup;
			children = (
				D6A77FE2237D88CA0015BEEA /* TrySwiftUI.app */,
				D6A77FF8237D88D00015BEEA /* TrySwiftUITests.xctest */,
				D6A78003237D88D00015BEEA /* TrySwiftUIUITests.xctest */,
			);
			name = Products;
			sourceTree = "<group>";
		};
		D6A77FE4237D88CA0015BEEA /* TrySwiftUI */ = {
			isa = PBXGroup;
			children = (
				D6A77FE5237D88CA0015BEEA /* AppDelegate.swift */,
				D6A77FE7237D88CA0015BEEA /* SceneDelegate.swift */,
				D6A77FE9237D88CA0015BEEA /* ContentView.swift */,
				D6A77FEB237D88D00015BEEA /* Assets.xcassets */,
				D6A77FF0237D88D00015BEEA /* LaunchScreen.storyboard */,
				D6A77FF3237D88D00015BEEA /* Info.plist */,
				D6A77FED237D88D00015BEEA /* Preview Content */,
				D6A7801523817FF70015BEEA /* CircleImage.swift */,
				D6A78017238182E10015BEEA /* MapView.swift */,
			);
			path = TrySwiftUI;
			sourceTree = "<group>";
		};
		D6A77FED237D88D00015BEEA /* Preview Content */ = {
			isa = PBXGroup;
			children = (
				D6A77FEE237D88D00015BEEA /* Preview Assets.xcassets */,
			);
			path = "Preview Content";
			sourceTree = "<group>";
		};
		D6A77FFB237D88D00015BEEA /* TrySwiftUITests */ = {
			isa = PBXGroup;
			children = (
				D6A77FFC237D88D00015BEEA /* TrySwiftUITests.swift */,
				D6A77FFE237D88D00015BEEA /* Info.plist */,
			);
			path = TrySwiftUITests;
			sourceTree = "<group>";
		};
		D6A78006237D88D00015BEEA /* TrySwiftUIUITests */ = {
			isa = PBXGroup;
			children = (
				D6A78007237D88D00015BEEA /* TrySwiftUIUITests.swift */,
				D6A78009237D88D00015BEEA /* Info.plist */,
			);
			path = TrySwiftUIUITests;
			sourceTree = "<group>";
		};
/* End PBXGroup section */

/* Begin PBXNativeTarget section */
		D6A77FE1237D88CA0015BEEA /* TrySwiftUI */ = {
			isa = PBXNativeTarget;
			buildConfigurationList = D6A7800C237D88D00015BEEA /* Build configuration list for PBXNativeTarget "TrySwiftUI" */;
			buildPhases = (
				D6A77FDE237D88CA0015BEEA /* Sources */,
				D6A77FDF237D88CA0015BEEA /* Frameworks */,
				D6A77FE0237D88CA0015BEEA /* Resources */,
			);
			buildRules = (
			);
			dependencies = (
			);
			name = TrySwiftUI;
			productName = TrySwiftUI;
			productReference = D6A77FE2237D88CA0015BEEA /* TrySwiftUI.app */;
			productType = "com.apple.product-type.application";
		};
		D6A77FF7237D88D00015BEEA /* TrySwiftUITests */ = {
			isa = PBXNativeTarget;
			buildConfigurationList = D6A7800F237D88D00015BEEA /* Build configuration list for PBXNativeTarget "TrySwiftUITests" */;
			buildPhases = (
				D6A77FF4237D88D00015BEEA /* Sources */,
				D6A77FF5237D88D00015BEEA /* Frameworks */,
				D6A77FF6237D88D00015BEEA /* Resources */,
			);
			buildRules = (
			);
			dependencies = (
				D6A77FFA237D88D00015BEEA /* PBXTargetDependency */,
			);
			name = TrySwiftUITests;
			productName = TrySwiftUITests;
			productReference = D6A77FF8237D88D00015BEEA /* TrySwiftUITests.xctest */;
			productType = "com.apple.product-type.bundle.unit-test";
		};
		D6A78002237D88D00015BEEA /* TrySwiftUIUITests */ = {
			isa = PBXNativeTarget;
			buildConfigurationList = D6A78012237D88D00015BEEA /* Build configuration list for PBXNativeTarget "TrySwiftUIUITests" */;
			buildPhases = (
				D6A77FFF237D88D00015BEEA /* Sources */,
				D6A78000237D88D00015BEEA /* Frameworks */,
				D6A78001237D88D00015BEEA /* Resources */,
			);
			buildRules = (
			);
			dependencies = (
				D6A78005237D88D00015BEEA /* PBXTargetDependency */,
			);
			name = TrySwiftUIUITests;
			productName = TrySwiftUIUITests;
			productReference = D6A78003237D88D00015BEEA /* TrySwiftUIUITests.xctest */;
			productType = "com.apple.product-type.bundle.ui-testing";
		};
/* End PBXNativeTarget section */

/* Begin PBXProject section */
		D6A77FDA237D88CA0015BEEA /* Project object */ = {
			isa = PBXProject;
			attributes = {
				LastSwiftUpdateCheck = 1120;
				LastUpgradeCheck = 1120;
				ORGANIZATIONNAME = yoshimasa36g;
				TargetAttributes = {
					D6A77FE1237D88CA0015BEEA = {
						CreatedOnToolsVersion = 11.2.1;
					};
					D6A77FF7237D88D00015BEEA = {
						CreatedOnToolsVersion = 11.2.1;
						TestTargetID = D6A77FE1237D88CA0015BEEA;
					};
					D6A78002237D88D00015BEEA = {
						CreatedOnToolsVersion = 11.2.1;
						TestTargetID = D6A77FE1237D88CA0015BEEA;
					};
				};
			};
			buildConfigurationList = D6A77FDD237D88CA0015BEEA /* Build configuration list for PBXProject "TrySwiftUI" */;
			compatibilityVersion = "Xcode 9.3";
			developmentRegion = en;
			hasScannedForEncodings = 0;
			knownRegions = (
				en,
				Base,
			);
			mainGroup = D6A77FD9237D88CA0015BEEA;
			productRefGroup = D6A77FE3237D88CA0015BEEA /* Products */;
			projectDirPath = "";
			projectRoot = "";
			targets = (
				D6A77FE1237D88CA0015BEEA /* TrySwiftUI */,
				D6A77FF7237D88D00015BEEA /* TrySwiftUITests */,
				D6A78002237D88D00015BEEA /* TrySwiftUIUITests */,
			);
		};
/* End PBXProject section */

/* Begin PBXResourcesBuildPhase section */
		D6A77FE0237D88CA0015BEEA /* Resources */ = {
			isa = PBXResourcesBuildPhase;
			buildActionMask = 2147483647;
			files = (
				D6A77FF2237D88D00015BEEA /* LaunchScreen.storyboard in Resources */,
				D6A77FEF237D88D00015BEEA /* Preview Assets.xcassets in Resources */,
				D6A77FEC237D88D00015BEEA /* Assets.xcassets in Resources */,
			);
			runOnlyForDeploymentPostprocessing = 0;
		};
		D6A77FF6237D88D00015BEEA /* Resources */ = {
			isa = PBXResourcesBuildPhase;
			buildActionMask = 2147483647;
			files = (
			);
			runOnlyForDeploymentPostprocessing = 0;
		};
		D6A78001237D88D00015BEEA /* Resources */ = {
			isa = PBXResourcesBuildPhase;
			buildActionMask = 2147483647;
			files = (
			);
			runOnlyForDeploymentPostprocessing = 0;
		};
/* End PBXResourcesBuildPhase section */

/* Begin PBXSourcesBuildPhase section */
		D6A77FDE237D88CA0015BEEA /* Sources */ = {
			isa = PBXSourcesBuildPhase;
			buildActionMask = 2147483647;
			files = (
				D6A77FE6237D88CA0015BEEA /* AppDelegate.swift in Sources */,
				D6A7801623817FF70015BEEA /* CircleImage.swift in Sources */,
				D6A78018238182E10015BEEA /* MapView.swift in Sources */,
				D6A77FE8237D88CA0015BEEA /* SceneDelegate.swift in Sources */,
				D6A77FEA237D88CA0015BEEA /* ContentView.swift in Sources */,
			);
			runOnlyForDeploymentPostprocessing = 0;
		};
		D6A77FF4237D88D00015BEEA /* Sources */ = {
			isa = PBXSourcesBuildPhase;
			buildActionMask = 2147483647;
			files = (
				D6A77FFD237D88D00015BEEA /* TrySwiftUITests.swift in Sources */,
			);
			runOnlyForDeploymentPostprocessing = 0;
		};
		D6A77FFF237D88D00015BEEA /* Sources */ = {
			isa = PBXSourcesBuildPhase;
			buildActionMask = 2147483647;
			files = (
				D6A78008237D88D00015BEEA /* TrySwiftUIUITests.swift in Sources */,
			);
			runOnlyForDeploymentPostprocessing = 0;
		};
/* End PBXSourcesBuildPhase section */

/* Begin PBXTargetDependency section */
		D6A77FFA237D88D00015BEEA /* PBXTargetDependency */ = {
			isa = PBXTargetDependency;
			target = D6A77FE1237D88CA0015BEEA /* TrySwiftUI */;
			targetProxy = D6A77FF9237D88D00015BEEA /* PBXContainerItemProxy */;
		};
		D6A78005237D88D00015BEEA /* PBXTargetDependency */ = {
			isa = PBXTargetDependency;
			target = D6A77FE1237D88CA0015BEEA /* TrySwiftUI */;
			targetProxy = D6A78004237D88D00015BEEA /* PBXContainerItemProxy */;
		};
/* End PBXTargetDependency section */

/* Begin PBXVariantGroup section */
		D6A77FF0237D88D00015BEEA /* LaunchScreen.storyboard */ = {
			isa = PBXVariantGroup;
			children = (
				D6A77FF1237D88D00015BEEA /* Base */,
			);
			name = LaunchScreen.storyboard;
			sourceTree = "<group>";
		};
/* End PBXVariantGroup section */

/* Begin XCBuildConfiguration section */
		D6A7800A237D88D00015BEEA /* Debug */ = {
			isa = XCBuildConfiguration;
			buildSettings = {
				ALWAYS_SEARCH_USER_PATHS = NO;
				CLANG_ANALYZER_NONNULL = YES;
				CLANG_ANALYZER_NUMBER_OBJECT_CONVERSION = YES_AGGRESSIVE;
				CLANG_CXX_LANGUAGE_STANDARD = "gnu++14";
				CLANG_CXX_LIBRARY = "libc++";
				CLANG_ENABLE_MODULES = YES;
				CLANG_ENABLE_OBJC_ARC = YES;
				CLANG_ENABLE_OBJC_WEAK = YES;
				CLANG_WARN_BLOCK_CAPTURE_AUTORELEASING = YES;
				CLANG_WARN_BOOL_CONVERSION = YES;
				CLANG_WARN_COMMA = YES;
				CLANG_WARN_CONSTANT_CONVERSION = YES;
				CLANG_WARN_DEPRECATED_OBJC_IMPLEMENTATIONS = YES;
				CLANG_WARN_DIRECT_OBJC_ISA_USAGE = YES_ERROR;
				CLANG_WARN_DOCUMENTATION_COMMENTS = YES;
				CLANG_WARN_EMPTY_BODY = YES;
				CLANG_WARN_ENUM_CONVERSION = YES;
				CLANG_WARN_INFINITE_RECURSION = YES;
				CLANG_WARN_INT_CONVERSION = YES;
				CLANG_WARN_NON_LITERAL_NULL_CONVERSION = YES;
				CLANG_WARN_OBJC_IMPLICIT_RETAIN_SELF = YES;
				CLANG_WARN_OBJC_LITERAL_CONVERSION = YES;
				CLANG_WARN_OBJC_ROOT_CLASS = YES_ERROR;
				CLANG_WARN_RANGE_LOOP_ANALYSIS = YES;
				CLANG_WARN_STRICT_PROTOTYPES = YES;
				CLANG_WARN_SUSPICIOUS_MOVE = YES;
				CLANG_WARN_UNGUARDED_AVAILABILITY = YES_AGGRESSIVE;
				CLANG_WARN_UNREACHABLE_CODE = YES;
				CLANG_WARN__DUPLICATE_METHOD_MATCH = YES;
				COPY_PHASE_STRIP = NO;
				DEBUG_INFORMATION_FORMAT = dwarf;
				ENABLE_STRICT_OBJC_MSGSEND = YES;
				ENABLE_TESTABILITY = YES;
				GCC_C_LANGUAGE_STANDARD = gnu11;
				GCC_DYNAMIC_NO_PIC = NO;
				GCC_NO_COMMON_BLOCKS = YES;
				GCC_OPTIMIZATION_LEVEL = 0;
				GCC_PREPROCESSOR_DEFINITIONS = (
					"DEBUG=1",
					"$(inherited)",
				);
				GCC_WARN_64_TO_32_BIT_CONVERSION = YES;
				GCC_WARN_ABOUT_RETURN_TYPE = YES_ERROR;
				GCC_WARN_UNDECLARED_SELECTOR = YES;
				GCC_WARN_UNINITIALIZED_AUTOS = YES_AGGRESSIVE;
				GCC_WARN_UNUSED_FUNCTION = YES;
				GCC_WARN_UNUSED_VARIABLE = YES;
				IPHONEOS_DEPLOYMENT_TARGET = 13.2;
				MTL_ENABLE_DEBUG_INFO = INCLUDE_SOURCE;
				MTL_FAST_MATH = YES;
				ONLY_ACTIVE_ARCH = YES;
				SDKROOT = iphoneos;
				SWIFT_ACTIVE_COMPILATION_CONDITIONS = DEBUG;
				SWIFT_OPTIMIZATION_LEVEL = "-Onone";
			};
			name = Debug;
		};
		D6A7800B237D88D00015BEEA /* Release */ = {
			isa = XCBuildConfiguration;
			buildSettings = {
				ALWAYS_SEARCH_USER_PATHS = NO;
				CLANG_ANALYZER_NONNULL = YES;
				CLANG_ANALYZER_NUMBER_OBJECT_CONVERSION = YES_AGGRESSIVE;
				CLANG_CXX_LANGUAGE_STANDARD = "gnu++14";
				CLANG_CXX_LIBRARY = "libc++";
				CLANG_ENABLE_MODULES = YES;
				CLANG_ENABLE_OBJC_ARC = YES;
				CLANG_ENABLE_OBJC_WEAK = YES;
				CLANG_WARN_BLOCK_CAPTURE_AUTORELEASING = YES;
				CLANG_WARN_BOOL_CONVERSION = YES;
				CLANG_WARN_COMMA = YES;
				CLANG_WARN_CONSTANT_CONVERSION = YES;
				CLANG_WARN_DEPRECATED_OBJC_IMPLEMENTATIONS = YES;
				CLANG_WARN_DIRECT_OBJC_ISA_USAGE = YES_ERROR;
				CLANG_WARN_DOCUMENTATION_COMMENTS = YES;
				CLANG_WARN_EMPTY_BODY = YES;
				CLANG_WARN_ENUM_CONVERSION = YES;
				CLANG_WARN_INFINITE_RECURSION = YES;
				CLANG_WARN_INT_CONVERSION = YES;
				CLANG_WARN_NON_LITERAL_NULL_CONVERSION = YES;
				CLANG_WARN_OBJC_IMPLICIT_RETAIN_SELF = YES;
				CLANG_WARN_OBJC_LITERAL_CONVERSION = YES;
				CLANG_WARN_OBJC_ROOT_CLASS = YES_ERROR;
				CLANG_WARN_RANGE_LOOP_ANALYSIS = YES;
				CLANG_WARN_STRICT_PROTOTYPES = YES;
				CLANG_WARN_SUSPICIOUS_MOVE = YES;
				CLANG_WARN_UNGUARDED_AVAILABILITY = YES_AGGRESSIVE;
				CLANG_WARN_UNREACHABLE_CODE = YES;
				CLANG_WARN__DUPLICATE_METHOD_MATCH = YES;
				COPY_PHASE_STRIP = NO;
				DEBUG_INFORMATION_FORMAT = "dwarf-with-dsym";
				ENABLE_NS_ASSERTIONS = NO;
				ENABLE_STRICT_OBJC_MSGSEND = YES;
				GCC_C_LANGUAGE_STANDARD = gnu11;
				GCC_NO_COMMON_BLOCKS = YES;
				GCC_WARN_64_TO_32_BIT_CONVERSION = YES;
				GCC_WARN_ABOUT_RETURN_TYPE = YES_ERROR;
				GCC_WARN_UNDECLARED_SELECTOR = YES;
				GCC_WARN_UNINITIALIZED_AUTOS = YES_AGGRESSIVE;
				GCC_WARN_UNUSED_FUNCTION = YES;
				GCC_WARN_UNUSED_VARIABLE = YES;
				IPHONEOS_DEPLOYMENT_TARGET = 13.2;
				MTL_ENABLE_DEBUG_INFO = NO;
				MTL_FAST_MATH = YES;
				SDKROOT = iphoneos;
				SWIFT_COMPILATION_MODE = wholemodule;
				SWIFT_OPTIMIZATION_LEVEL = "-O";
				VALIDATE_PRODUCT = YES;
			};
			name = Release;
		};
		D6A7800D237D88D00015BEEA /* Debug */ = {
			isa = XCBuildConfiguration;
			buildSettings = {
				ASSETCATALOG_COMPILER_APPICON_NAME = AppIcon;
				CODE_SIGN_STYLE = Automatic;
				DEVELOPMENT_ASSET_PATHS = "\"TrySwiftUI/Preview Content\"";
				DEVELOPMENT_TEAM = WX95L22WU7;
				ENABLE_PREVIEWS = YES;
				INFOPLIST_FILE = TrySwiftUI/Info.plist;
				LD_RUNPATH_SEARCH_PATHS = (
					"$(inherited)",
					"@executable_path/Frameworks",
				);
				PRODUCT_BUNDLE_IDENTIFIER = com.yoshimasa36g.TrySwiftUI;
				PRODUCT_NAME = "$(TARGET_NAME)";
				SWIFT_VERSION = 5.0;
				TARGETED_DEVICE_FAMILY = "1,2";
			};
			name = Debug;
		};
		D6A7800E237D88D00015BEEA /* Release */ = {
			isa = XCBuildConfiguration;
			buildSettings = {
				ASSETCATALOG_COMPILER_APPICON_NAME = AppIcon;
				CODE_SIGN_STYLE = Automatic;
				DEVELOPMENT_ASSET_PATHS = "\"TrySwiftUI/Preview Content\"";
				DEVELOPMENT_TEAM = WX95L22WU7;
				ENABLE_PREVIEWS = YES;
				INFOPLIST_FILE = TrySwiftUI/Info.plist;
				LD_RUNPATH_SEARCH_PATHS = (
					"$(inherited)",
					"@executable_path/Frameworks",
				);
				PRODUCT_BUNDLE_IDENTIFIER = com.yoshimasa36g.TrySwiftUI;
				PRODUCT_NAME = "$(TARGET_NAME)";
				SWIFT_VERSION = 5.0;
				TARGETED_DEVICE_FAMILY = "1,2";
			};
			name = Release;
		};
		D6A78010237D88D00015BEEA /* Debug */ = {
			isa = XCBuildConfiguration;
			buildSettings = {
				ALWAYS_EMBED_SWIFT_STANDARD_LIBRARIES = YES;
				BUNDLE_LOADER = "$(TEST_HOST)";
				CODE_SIGN_STYLE = Automatic;
				DEVELOPMENT_TEAM = WX95L22WU7;
				INFOPLIST_FILE = TrySwiftUITests/Info.plist;
				IPHONEOS_DEPLOYMENT_TARGET = 13.2;
				LD_RUNPATH_SEARCH_PATHS = (
					"$(inherited)",
					"@executable_path/Frameworks",
					"@loader_path/Frameworks",
				);
				PRODUCT_BUNDLE_IDENTIFIER = com.yoshimasa36g.TrySwiftUITests;
				PRODUCT_NAME = "$(TARGET_NAME)";
				SWIFT_VERSION = 5.0;
				TARGETED_DEVICE_FAMILY = "1,2";
				TEST_HOST = "$(BUILT_PRODUCTS_DIR)/TrySwiftUI.app/TrySwiftUI";
			};
			name = Debug;
		};
		D6A78011237D88D00015BEEA /* Release */ = {
			isa = XCBuildConfiguration;
			buildSettings = {
				ALWAYS_EMBED_SWIFT_STANDARD_LIBRARIES = YES;
				BUNDLE_LOADER = "$(TEST_HOST)";
				CODE_SIGN_STYLE = Automatic;
				DEVELOPMENT_TEAM = WX95L22WU7;
				INFOPLIST_FILE = TrySwiftUITests/Info.plist;
				IPHONEOS_DEPLOYMENT_TARGET = 13.2;
				LD_RUNPATH_SEARCH_PATHS = (
					"$(inherited)",
					"@executable_path/Frameworks",
					"@loader_path/Frameworks",
				);
				PRODUCT_BUNDLE_IDENTIFIER = com.yoshimasa36g.TrySwiftUITests;
				PRODUCT_NAME = "$(TARGET_NAME)";
				SWIFT_VERSION = 5.0;
				TARGETED_DEVICE_FAMILY = "1,2";
				TEST_HOST = "$(BUILT_PRODUCTS_DIR)/TrySwiftUI.app/TrySwiftUI";
			};
			name = Release;
		};
		D6A78013237D88D00015BEEA /* Debug */ = {
			isa = XCBuildConfiguration;
			buildSettings = {
				ALWAYS_EMBED_SWIFT_STANDARD_LIBRARIES = YES;
				CODE_SIGN_STYLE = Automatic;
				DEVELOPMENT_TEAM = WX95L22WU7;
				INFOPLIST_FILE = TrySwiftUIUITests/Info.plist;
				LD_RUNPATH_SEARCH_PATHS = (
					"$(inherited)",
					"@executable_path/Frameworks",
					"@loader_path/Frameworks",
				);
				PRODUCT_BUNDLE_IDENTIFIER = com.yoshimasa36g.TrySwiftUIUITests;
				PRODUCT_NAME = "$(TARGET_NAME)";
				SWIFT_VERSION = 5.0;
				TARGETED_DEVICE_FAMILY = "1,2";
				TEST_TARGET_NAME = TrySwiftUI;
			};
			name = Debug;
		};
		D6A78014237D88D00015BEEA /* Release */ = {
			isa = XCBuildConfiguration;
			buildSettings = {
				ALWAYS_EMBED_SWIFT_STANDARD_LIBRARIES = YES;
				CODE_SIGN_STYLE = Automatic;
				DEVELOPMENT_TEAM = WX95L22WU7;
				INFOPLIST_FILE = TrySwiftUIUITests/Info.plist;
				LD_RUNPATH_SEARCH_PATHS = (
					"$(inherited)",
					"@executable_path/Frameworks",
					"@loader_path/Frameworks",
				);
				PRODUCT_BUNDLE_IDENTIFIER = com.yoshimasa36g.TrySwiftUIUITests;
				PRODUCT_NAME = "$(TARGET_NAME)";
				SWIFT_VERSION = 5.0;
				TARGETED_DEVICE_FAMILY = "1,2";
				TEST_TARGET_NAME = TrySwiftUI;
			};
			name = Release;
		};
/* End XCBuildConfiguration section */

/* Begin XCConfigurationList section */
		D6A77FDD237D88CA0015BEEA /* Build configuration list for PBXProject "TrySwiftUI" */ = {
			isa = XCConfigurationList;
			buildConfigurations = (
				D6A7800A237D88D00015BEEA /* Debug */,
				D6A7800B237D88D00015BEEA /* Release */,
			);
			defaultConfigurationIsVisible = 0;
			defaultConfigurationName = Release;
		};
		D6A7800C237D88D00015BEEA /* Build configuration list for PBXNativeTarget "TrySwiftUI" */ = {
			isa = XCConfigurationList;
			buildConfigurations = (
				D6A7800D237D88D00015BEEA /* Debug */,
				D6A7800E237D88D00015BEEA /* Release */,
			);
			defaultConfigurationIsVisible = 0;
			defaultConfigurationName = Release;
		};
		D6A7800F237D88D00015BEEA /* Build configuration list for PBXNativeTarget "TrySwiftUITests" */ = {
			isa = XCConfigurationList;
			buildConfigurations = (
				D6A78010237D88D00015BEEA /* Debug */,
				D6A78011237D88D00015BEEA /* Release */,
			);
			defaultConfigurationIsVisible = 0;
			defaultConfigurationName = Release;
		};
		D6A78012237D88D00015BEEA /* Build configuration list for PBXNativeTarget "TrySwiftUIUITests" */ = {
			isa = XCConfigurationList;
			buildConfigurations = (
				D6A78013237D88D00015BEEA /* Debug */,
				D6A78014237D88D00015BEEA /* Release */,
			);
			defaultConfigurationIsVisible = 0;
			defaultConfigurationName = Release;
		};
/* End XCConfigurationList section */
	};
	rootObject = D6A77FDA237D88CA0015BEEA /* Project object */;
}
